// !$*UTF8*$!
{
	archiveVersion = 1;
	classes = {
	};
	objectVersion = 50;
	objects = {

/* Begin PBXBuildFile section */
		1C183B604871ABFC503C2B56 /* Pods_Riemann_Sum.framework in Frameworks */ = {isa = PBXBuildFile; fileRef = 58E118CA149C00B282A90B56 /* Pods_Riemann_Sum.framework */; };
		A06CEFA220C757B6004E5A44 /* AppDelegate.swift in Sources */ = {isa = PBXBuildFile; fileRef = A06CEFA120C757B6004E5A44 /* AppDelegate.swift */; };
		A06CEFA420C757B6004E5A44 /* ViewController.swift in Sources */ = {isa = PBXBuildFile; fileRef = A06CEFA320C757B6004E5A44 /* ViewController.swift */; };
		A06CEFA720C757B6004E5A44 /* Main.storyboard in Resources */ = {isa = PBXBuildFile; fileRef = A06CEFA520C757B6004E5A44 /* Main.storyboard */; };
		A06CEFA920C757B9004E5A44 /* Assets.xcassets in Resources */ = {isa = PBXBuildFile; fileRef = A06CEFA820C757B9004E5A44 /* Assets.xcassets */; };
		A06CEFAC20C757B9004E5A44 /* LaunchScreen.storyboard in Resources */ = {isa = PBXBuildFile; fileRef = A06CEFAA20C757B9004E5A44 /* LaunchScreen.storyboard */; };
		A06CEFB720C76290004E5A44 /* userFunctions.swift in Sources */ = {isa = PBXBuildFile; fileRef = A06CEFB620C76290004E5A44 /* userFunctions.swift */; };
		A06CEFB920C763BC004E5A44 /* listOfFunctions.swift in Sources */ = {isa = PBXBuildFile; fileRef = A06CEFB820C763BC004E5A44 /* listOfFunctions.swift */; };
		A06CEFC020C773C6004E5A44 /* AddNewFunctionViewController.swift in Sources */ = {isa = PBXBuildFile; fileRef = A06CEFBF20C773C6004E5A44 /* AddNewFunctionViewController.swift */; };
/* End PBXBuildFile section */

/* Begin PBXFileReference section */
		58E118CA149C00B282A90B56 /* Pods_Riemann_Sum.framework */ = {isa = PBXFileReference; explicitFileType = wrapper.framework; includeInIndex = 0; path = Pods_Riemann_Sum.framework; sourceTree = BUILT_PRODUCTS_DIR; };
		76EDE701A0AE464120917CF4 /* Pods-Riemann Sum.debug.xcconfig */ = {isa = PBXFileReference; includeInIndex = 1; lastKnownFileType = text.xcconfig; name = "Pods-Riemann Sum.debug.xcconfig"; path = "Pods/Target Support Files/Pods-Riemann Sum/Pods-Riemann Sum.debug.xcconfig"; sourceTree = "<group>"; };
		A06CEF9E20C757B6004E5A44 /* Riemann Sum.app */ = {isa = PBXFileReference; explicitFileType = wrapper.application; includeInIndex = 0; path = "Riemann Sum.app"; sourceTree = BUILT_PRODUCTS_DIR; };
		A06CEFA120C757B6004E5A44 /* AppDelegate.swift */ = {isa = PBXFileReference; lastKnownFileType = sourcecode.swift; path = AppDelegate.swift; sourceTree = "<group>"; };
		A06CEFA320C757B6004E5A44 /* ViewController.swift */ = {isa = PBXFileReference; lastKnownFileType = sourcecode.swift; path = ViewController.swift; sourceTree = "<group>"; };
		A06CEFA620C757B6004E5A44 /* Base */ = {isa = PBXFileReference; lastKnownFileType = file.storyboard; name = Base; path = Base.lproj/Main.storyboard; sourceTree = "<group>"; };
		A06CEFA820C757B9004E5A44 /* Assets.xcassets */ = {isa = PBXFileReference; lastKnownFileType = folder.assetcatalog; path = Assets.xcassets; sourceTree = "<group>"; };
		A06CEFAB20C757B9004E5A44 /* Base */ = {isa = PBXFileReference; lastKnownFileType = file.storyboard; name = Base; path = Base.lproj/LaunchScreen.storyboard; sourceTree = "<group>"; };
		A06CEFAD20C757B9004E5A44 /* Info.plist */ = {isa = PBXFileReference; lastKnownFileType = text.plist.xml; path = Info.plist; sourceTree = "<group>"; };
		A06CEFB620C76290004E5A44 /* userFunctions.swift */ = {isa = PBXFileReference; lastKnownFileType = sourcecode.swift; path = userFunctions.swift; sourceTree = "<group>"; };
		A06CEFB820C763BC004E5A44 /* listOfFunctions.swift */ = {isa = PBXFileReference; lastKnownFileType = sourcecode.swift; path = listOfFunctions.swift; sourceTree = "<group>"; };
		A06CEFBF20C773C6004E5A44 /* AddNewFunctionViewController.swift */ = {isa = PBXFileReference; lastKnownFileType = sourcecode.swift; path = AddNewFunctionViewController.swift; sourceTree = "<group>"; };
		C02F2CE3912CBD6116E0BAEC /* Pods-Riemann Sum.release.xcconfig */ = {isa = PBXFileReference; includeInIndex = 1; lastKnownFileType = text.xcconfig; name = "Pods-Riemann Sum.release.xcconfig"; path = "Pods/Target Support Files/Pods-Riemann Sum/Pods-Riemann Sum.release.xcconfig"; sourceTree = "<group>"; };
/* End PBXFileReference section */

/* Begin PBXFrameworksBuildPhase section */
		A06CEF9B20C757B6004E5A44 /* Frameworks */ = {
			isa = PBXFrameworksBuildPhase;
			buildActionMask = 2147483647;
			files = (
				1C183B604871ABFC503C2B56 /* Pods_Riemann_Sum.framework in Frameworks */,
			);
			runOnlyForDeploymentPostprocessing = 0;
		};
/* End PBXFrameworksBuildPhase section */

/* Begin PBXGroup section */
		565CAA2161A7438E0516A706 /* Frameworks */ = {
			isa = PBXGroup;
			children = (
				58E118CA149C00B282A90B56 /* Pods_Riemann_Sum.framework */,
			);
			name = Frameworks;
			sourceTree = "<group>";
		};
		A06CEF9520C757B6004E5A44 = {
			isa = PBXGroup;
			children = (
				A06CEFA020C757B6004E5A44 /* Riemann Sum */,
				A06CEF9F20C757B6004E5A44 /* Products */,
				ED7FD8701AFB251B385FEC93 /* Pods */,
				565CAA2161A7438E0516A706 /* Frameworks */,
			);
			sourceTree = "<group>";
		};
		A06CEF9F20C757B6004E5A44 /* Products */ = {
			isa = PBXGroup;
			children = (
				A06CEF9E20C757B6004E5A44 /* Riemann Sum.app */,
			);
			name = Products;
			sourceTree = "<group>";
		};
		A06CEFA020C757B6004E5A44 /* Riemann Sum */ = {
			isa = PBXGroup;
			children = (
				A06CEFB520C76234004E5A44 /* Controller */,
				A06CEFB420C7622C004E5A44 /* View */,
				A06CEFB320C76220004E5A44 /* Model */,
				A06CEFA820C757B9004E5A44 /* Assets.xcassets */,
				A06CEFAD20C757B9004E5A44 /* Info.plist */,
			);
			path = "Riemann Sum";
			sourceTree = "<group>";
		};
		A06CEFB320C76220004E5A44 /* Model */ = {
			isa = PBXGroup;
			children = (
				A06CEFB620C76290004E5A44 /* userFunctions.swift */,
				A06CEFB820C763BC004E5A44 /* listOfFunctions.swift */,
			);
			path = Model;
			sourceTree = "<group>";
		};
		A06CEFB420C7622C004E5A44 /* View */ = {
			isa = PBXGroup;
			children = (
				A06CEFA520C757B6004E5A44 /* Main.storyboard */,
				A06CEFAA20C757B9004E5A44 /* LaunchScreen.storyboard */,
			);
			path = View;
			sourceTree = "<group>";
		};
		A06CEFB520C76234004E5A44 /* Controller */ = {
			isa = PBXGroup;
			children = (
				A06CEFA120C757B6004E5A44 /* AppDelegate.swift */,
				A06CEFA320C757B6004E5A44 /* ViewController.swift */,
				A06CEFBF20C773C6004E5A44 /* AddNewFunctionViewController.swift */,
			);
			path = Controller;
			sourceTree = "<group>";
		};
		ED7FD8701AFB251B385FEC93 /* Pods */ = {
			isa = PBXGroup;
			children = (
				76EDE701A0AE464120917CF4 /* Pods-Riemann Sum.debug.xcconfig */,
				C02F2CE3912CBD6116E0BAEC /* Pods-Riemann Sum.release.xcconfig */,
			);
			name = Pods;
			sourceTree = "<group>";
		};
/* End PBXGroup section */

/* Begin PBXNativeTarget section */
		A06CEF9D20C757B6004E5A44 /* Riemann Sum */ = {
			isa = PBXNativeTarget;
			buildConfigurationList = A06CEFB020C757B9004E5A44 /* Build configuration list for PBXNativeTarget "Riemann Sum" */;
			buildPhases = (
				9B5904D56C2771097B0EE7A7 /* [CP] Check Pods Manifest.lock */,
				A06CEF9A20C757B6004E5A44 /* Sources */,
				A06CEF9B20C757B6004E5A44 /* Frameworks */,
				A06CEF9C20C757B6004E5A44 /* Resources */,
				A500A803902EEC0CAB4263FB /* [CP] Embed Pods Frameworks */,
				C9D625E1753C0F99F75F556F /* [CP] Copy Pods Resources */,
			);
			buildRules = (
			);
			dependencies = (
			);
			name = "Riemann Sum";
			productName = "Riemann Sum";
			productReference = A06CEF9E20C757B6004E5A44 /* Riemann Sum.app */;
			productType = "com.apple.product-type.application";
		};
/* End PBXNativeTarget section */

/* Begin PBXProject section */
		A06CEF9620C757B6004E5A44 /* Project object */ = {
			isa = PBXProject;
			attributes = {
				LastSwiftUpdateCheck = 0940;
				LastUpgradeCheck = 0940;
				ORGANIZATIONNAME = HMdev;
				TargetAttributes = {
					A06CEF9D20C757B6004E5A44 = {
						CreatedOnToolsVersion = 9.4;
					};
				};
			};
			buildConfigurationList = A06CEF9920C757B6004E5A44 /* Build configuration list for PBXProject "Riemann Sum" */;
			compatibilityVersion = "Xcode 9.3";
			developmentRegion = en;
			hasScannedForEncodings = 0;
			knownRegions = (
				en,
				Base,
			);
			mainGroup = A06CEF9520C757B6004E5A44;
			productRefGroup = A06CEF9F20C757B6004E5A44 /* Products */;
			projectDirPath = "";
			projectRoot = "";
			targets = (
				A06CEF9D20C757B6004E5A44 /* Riemann Sum */,
			);
		};
/* End PBXProject section */

/* Begin PBXResourcesBuildPhase section */
		A06CEF9C20C757B6004E5A44 /* Resources */ = {
			isa = PBXResourcesBuildPhase;
			buildActionMask = 2147483647;
			files = (
				A06CEFAC20C757B9004E5A44 /* LaunchScreen.storyboard in Resources */,
				A06CEFA920C757B9004E5A44 /* Assets.xcassets in Resources */,
				A06CEFA720C757B6004E5A44 /* Main.storyboard in Resources */,
			);
			runOnlyForDeploymentPostprocessing = 0;
		};
/* End PBXResourcesBuildPhase section */

/* Begin PBXShellScriptBuildPhase section */
		9B5904D56C2771097B0EE7A7 /* [CP] Check Pods Manifest.lock */ = {
			isa = PBXShellScriptBuildPhase;
			buildActionMask = 2147483647;
			files = (
			);
			inputPaths = (
				"${PODS_PODFILE_DIR_PATH}/Podfile.lock",
				"${PODS_ROOT}/Manifest.lock",
			);
			name = "[CP] Check Pods Manifest.lock";
			outputPaths = (
				"$(DERIVED_FILE_DIR)/Pods-Riemann Sum-checkManifestLockResult.txt",
			);
			runOnlyForDeploymentPostprocessing = 0;
			shellPath = /bin/sh;
			shellScript = "diff \"${PODS_PODFILE_DIR_PATH}/Podfile.lock\" \"${PODS_ROOT}/Manifest.lock\" > /dev/null\nif [ $? != 0 ] ; then\n    # print error to STDERR\n    echo \"error: The sandbox is not in sync with the Podfile.lock. Run 'pod install' or update your CocoaPods installation.\" >&2\n    exit 1\nfi\n# This output is used by Xcode 'outputs' to avoid re-running this script phase.\necho \"SUCCESS\" > \"${SCRIPT_OUTPUT_FILE_0}\"\n";
			showEnvVarsInLog = 0;
		};
		A500A803902EEC0CAB4263FB /* [CP] Embed Pods Frameworks */ = {
			isa = PBXShellScriptBuildPhase;
			buildActionMask = 2147483647;
			files = (
			);
			inputPaths = (
				"${SRCROOT}/Pods/Target Support Files/Pods-Riemann Sum/Pods-Riemann Sum-frameworks.sh",
				"${BUILT_PRODUCTS_DIR}/Charts/Charts.framework",
				"${BUILT_PRODUCTS_DIR}/ChartsRealm/ChartsRealm.framework",
				"${BUILT_PRODUCTS_DIR}/DDMathParser/MathParser.framework",
				"${BUILT_PRODUCTS_DIR}/Realm/Realm.framework",
				"${BUILT_PRODUCTS_DIR}/RealmSwift/RealmSwift.framework",
			);
			name = "[CP] Embed Pods Frameworks";
			outputPaths = (
				"${TARGET_BUILD_DIR}/${FRAMEWORKS_FOLDER_PATH}/Charts.framework",
				"${TARGET_BUILD_DIR}/${FRAMEWORKS_FOLDER_PATH}/ChartsRealm.framework",
				"${TARGET_BUILD_DIR}/${FRAMEWORKS_FOLDER_PATH}/MathParser.framework",
				"${TARGET_BUILD_DIR}/${FRAMEWORKS_FOLDER_PATH}/Realm.framework",
				"${TARGET_BUILD_DIR}/${FRAMEWORKS_FOLDER_PATH}/RealmSwift.framework",
			);
			runOnlyForDeploymentPostprocessing = 0;
			shellPath = /bin/sh;
			shellScript = "\"${SRCROOT}/Pods/Target Support Files/Pods-Riemann Sum/Pods-Riemann Sum-frameworks.sh\"\n";
			showEnvVarsInLog = 0;
		};
		C9D625E1753C0F99F75F556F /* [CP] Copy Pods Resources */ = {
			isa = PBXShellScriptBuildPhase;
			buildActionMask = 2147483647;
			files = (
			);
			inputPaths = (
			);
			name = "[CP] Copy Pods Resources";
			outputPaths = (
			);
			runOnlyForDeploymentPostprocessing = 0;
			shellPath = /bin/sh;
			shellScript = "\"${SRCROOT}/Pods/Target Support Files/Pods-Riemann Sum/Pods-Riemann Sum-resources.sh\"\n";
			showEnvVarsInLog = 0;
		};
/* End PBXShellScriptBuildPhase section */

/* Begin PBXSourcesBuildPhase section */
		A06CEF9A20C757B6004E5A44 /* Sources */ = {
			isa = PBXSourcesBuildPhase;
			buildActionMask = 2147483647;
			files = (
				A06CEFA420C757B6004E5A44 /* ViewController.swift in Sources */,
				A06CEFB720C76290004E5A44 /* userFunctions.swift in Sources */,
				A06CEFB920C763BC004E5A44 /* listOfFunctions.swift in Sources */,
				A06CEFC020C773C6004E5A44 /* AddNewFunctionViewController.swift in Sources */,
				A06CEFA220C757B6004E5A44 /* AppDelegate.swift in Sources */,
			);
			runOnlyForDeploymentPostprocessing = 0;
		};
/* End PBXSourcesBuildPhase section */

/* Begin PBXVariantGroup section */
		A06CEFA520C757B6004E5A44 /* Main.storyboard */ = {
			isa = PBXVariantGroup;
			children = (
				A06CEFA620C757B6004E5A44 /* Base */,
			);
			name = Main.storyboard;
			sourceTree = "<group>";
		};
		A06CEFAA20C757B9004E5A44 /* LaunchScreen.storyboard */ = {
			isa = PBXVariantGroup;
			children = (
				A06CEFAB20C757B9004E5A44 /* Base */,
			);
			name = LaunchScreen.storyboard;
			sourceTree = "<group>";
		};
/* End PBXVariantGroup section */

/* Begin XCBuildConfiguration section */
		A06CEFAE20C757B9004E5A44 /* Debug */ = {
			isa = XCBuildConfiguration;
			buildSettings = {
				ALWAYS_SEARCH_USER_PATHS = NO;
				CLANG_ANALYZER_NONNULL = YES;
				CLANG_ANALYZER_NUMBER_OBJECT_CONVERSION = YES_AGGRESSIVE;
				CLANG_CXX_LANGUAGE_STANDARD = "gnu++14";
				CLANG_CXX_LIBRARY = "libc++";
				CLANG_ENABLE_MODULES = YES;
				CLANG_ENABLE_OBJC_ARC = YES;
				CLANG_ENABLE_OBJC_WEAK = YES;
				CLANG_WARN_BLOCK_CAPTURE_AUTORELEASING = YES;
				CLANG_WARN_BOOL_CONVERSION = YES;
				CLANG_WARN_COMMA = YES;
				CLANG_WARN_CONSTANT_CONVERSION = YES;
				CLANG_WARN_DEPRECATED_OBJC_IMPLEMENTATIONS = YES;
				CLANG_WARN_DIRECT_OBJC_ISA_USAGE = YES_ERROR;
				CLANG_WARN_DOCUMENTATION_COMMENTS = YES;
				CLANG_WARN_EMPTY_BODY = YES;
				CLANG_WARN_ENUM_CONVERSION = YES;
				CLANG_WARN_INFINITE_RECURSION = YES;
				CLANG_WARN_INT_CONVERSION = YES;
				CLANG_WARN_NON_LITERAL_NULL_CONVERSION = YES;
				CLANG_WARN_OBJC_IMPLICIT_RETAIN_SELF = YES;
				CLANG_WARN_OBJC_LITERAL_CONVERSION = YES;
				CLANG_WARN_OBJC_ROOT_CLASS = YES_ERROR;
				CLANG_WARN_RANGE_LOOP_ANALYSIS = YES;
				CLANG_WARN_STRICT_PROTOTYPES = YES;
				CLANG_WARN_SUSPICIOUS_MOVE = YES;
				CLANG_WARN_UNGUARDED_AVAILABILITY = YES_AGGRESSIVE;
				CLANG_WARN_UNREACHABLE_CODE = YES;
				CLANG_WARN__DUPLICATE_METHOD_MATCH = YES;
				CODE_SIGN_IDENTITY = "iPhone Developer";
				COPY_PHASE_STRIP = NO;
				DEBUG_INFORMATION_FORMAT = dwarf;
				ENABLE_STRICT_OBJC_MSGSEND = YES;
				ENABLE_TESTABILITY = YES;
				GCC_C_LANGUAGE_STANDARD = gnu11;
				GCC_DYNAMIC_NO_PIC = NO;
				GCC_NO_COMMON_BLOCKS = YES;
				GCC_OPTIMIZATION_LEVEL = 0;
				GCC_PREPROCESSOR_DEFINITIONS = (
					"DEBUG=1",
					"$(inherited)",
				);
				GCC_WARN_64_TO_32_BIT_CONVERSION = YES;
				GCC_WARN_ABOUT_RETURN_TYPE = YES_ERROR;
				GCC_WARN_UNDECLARED_SELECTOR = YES;
				GCC_WARN_UNINITIALIZED_AUTOS = YES_AGGRESSIVE;
				GCC_WARN_UNUSED_FUNCTION = YES;
				GCC_WARN_UNUSED_VARIABLE = YES;
				IPHONEOS_DEPLOYMENT_TARGET = 11.4;
				MTL_ENABLE_DEBUG_INFO = YES;
				ONLY_ACTIVE_ARCH = YES;
				SDKROOT = iphoneos;
				SWIFT_ACTIVE_COMPILATION_CONDITIONS = DEBUG;
				SWIFT_OPTIMIZATION_LEVEL = "-Onone";
			};
			name = Debug;
		};
		A06CEFAF20C757B9004E5A44 /* Release */ = {
			isa = XCBuildConfiguration;
			buildSettings = {
				ALWAYS_SEARCH_USER_PATHS = NO;
				CLANG_ANALYZER_NONNULL = YES;
				CLANG_ANALYZER_NUMBER_OBJECT_CONVERSION = YES_AGGRESSIVE;
				CLANG_CXX_LANGUAGE_STANDARD = "gnu++14";
				CLANG_CXX_LIBRARY = "libc++";
				CLANG_ENABLE_MODULES = YES;
				CLANG_ENABLE_OBJC_ARC = YES;
				CLANG_ENABLE_OBJC_WEAK = YES;
				CLANG_WARN_BLOCK_CAPTURE_AUTORELEASING = YES;
				CLANG_WARN_BOOL_CONVERSION = YES;
				CLANG_WARN_COMMA = YES;
				CLANG_WARN_CONSTANT_CONVERSION = YES;
				CLANG_WARN_DEPRECATED_OBJC_IMPLEMENTATIONS = YES;
				CLANG_WARN_DIRECT_OBJC_ISA_USAGE = YES_ERROR;
				CLANG_WARN_DOCUMENTATION_COMMENTS = YES;
				CLANG_WARN_EMPTY_BODY = YES;
				CLANG_WARN_ENUM_CONVERSION = YES;
				CLANG_WARN_INFINITE_RECURSION = YES;
				CLANG_WARN_INT_CONVERSION = YES;
				CLANG_WARN_NON_LITERAL_NULL_CONVERSION = YES;
				CLANG_WARN_OBJC_IMPLICIT_RETAIN_SELF = YES;
				CLANG_WARN_OBJC_LITERAL_CONVERSION = YES;
				CLANG_WARN_OBJC_ROOT_CLASS = YES_ERROR;
				CLANG_WARN_RANGE_LOOP_ANALYSIS = YES;
				CLANG_WARN_STRICT_PROTOTYPES = YES;
				CLANG_WARN_SUSPICIOUS_MOVE = YES;
				CLANG_WARN_UNGUARDED_AVAILABILITY = YES_AGGRESSIVE;
				CLANG_WARN_UNREACHABLE_CODE = YES;
				CLANG_WARN__DUPLICATE_METHOD_MATCH = YES;
				CODE_SIGN_IDENTITY = "iPhone Developer";
				COPY_PHASE_STRIP = NO;
				DEBUG_INFORMATION_FORMAT = "dwarf-with-dsym";
				ENABLE_NS_ASSERTIONS = NO;
				ENABLE_STRICT_OBJC_MSGSEND = YES;
				GCC_C_LANGUAGE_STANDARD = gnu11;
				GCC_NO_COMMON_BLOCKS = YES;
				GCC_WARN_64_TO_32_BIT_CONVERSION = YES;
				GCC_WARN_ABOUT_RETURN_TYPE = YES_ERROR;
				GCC_WARN_UNDECLARED_SELECTOR = YES;
				GCC_WARN_UNINITIALIZED_AUTOS = YES_AGGRESSIVE;
				GCC_WARN_UNUSED_FUNCTION = YES;
				GCC_WARN_UNUSED_VARIABLE = YES;
				IPHONEOS_DEPLOYMENT_TARGET = 11.4;
				MTL_ENABLE_DEBUG_INFO = NO;
				SDKROOT = iphoneos;
				SWIFT_COMPILATION_MODE = wholemodule;
				SWIFT_OPTIMIZATION_LEVEL = "-O";
				VALIDATE_PRODUCT = YES;
			};
			name = Release;
		};
		A06CEFB120C757B9004E5A44 /* Debug */ = {
			isa = XCBuildConfiguration;
			baseConfigurationReference = 76EDE701A0AE464120917CF4 /* Pods-Riemann Sum.debug.xcconfig */;
			buildSettings = {
				ASSETCATALOG_COMPILER_APPICON_NAME = AppIcon;
				CODE_SIGN_STYLE = Automatic;
				DEVELOPMENT_TEAM = JG98S5E585;
				INFOPLIST_FILE = "Riemann Sum/Info.plist";
				LD_RUNPATH_SEARCH_PATHS = (
					"$(inherited)",
					"@executable_path/Frameworks",
				);
				PRODUCT_BUNDLE_IDENTIFIER = "com.hmdev.Riemann-Sum";
				PRODUCT_NAME = "$(TARGET_NAME)";
				SWIFT_VERSION = 4.0;
				TARGETED_DEVICE_FAMILY = "1,2";
			};
			name = Debug;
		};
		A06CEFB220C757B9004E5A44 /* Release */ = {
			isa = XCBuildConfiguration;
			baseConfigurationReference = C02F2CE3912CBD6116E0BAEC /* Pods-Riemann Sum.release.xcconfig */;
			buildSettings = {
				ASSETCATALOG_COMPILER_APPICON_NAME = AppIcon;
				CODE_SIGN_STYLE = Automatic;
				DEVELOPMENT_TEAM = JG98S5E585;
				INFOPLIST_FILE = "Riemann Sum/Info.plist";
				LD_RUNPATH_SEARCH_PATHS = (
					"$(inherited)",
					"@executable_path/Frameworks",
				);
				PRODUCT_BUNDLE_IDENTIFIER = "com.hmdev.Riemann-Sum";
				PRODUCT_NAME = "$(TARGET_NAME)";
				SWIFT_VERSION = 4.0;
				TARGETED_DEVICE_FAMILY = "1,2";
			};
			name = Release;
		};
/* End XCBuildConfiguration section */

/* Begin XCConfigurationList section */
		A06CEF9920C757B6004E5A44 /* Build configuration list for PBXProject "Riemann Sum" */ = {
			isa = XCConfigurationList;
			buildConfigurations = (
				A06CEFAE20C757B9004E5A44 /* Debug */,
				A06CEFAF20C757B9004E5A44 /* Release */,
			);
			defaultConfigurationIsVisible = 0;
			defaultConfigurationName = Release;
		};
		A06CEFB020C757B9004E5A44 /* Build configuration list for PBXNativeTarget "Riemann Sum" */ = {
			isa = XCConfigurationList;
			buildConfigurations = (
				A06CEFB120C757B9004E5A44 /* Debug */,
				A06CEFB220C757B9004E5A44 /* Release */,
			);
			defaultConfigurationIsVisible = 0;
			defaultConfigurationName = Release;
		};
/* End XCConfigurationList section */
	};
	rootObject = A06CEF9620C757B6004E5A44 /* Project object */;
}
